
Microsoft Visual Studio Solution File, Format Version 12.00
# Visual Studio Version 17
VisualStudioVersion = 17.1.32210.238
MinimumVisualStudioVersion = 10.0.40219.1
Project("{FAE04EC0-301F-11D3-BF4B-00C04F79EFBC}") = "day_13_generics_uc1", "day_13_generics_uc1.csproj", "{D057C104-77E2-43B7-87AD-D4210BACDA79}"
EndProject
Global
	GlobalSection(SolutionConfigurationPlatforms) = preSolution
		Debug|Any CPU = Debug|Any CPU
		Release|Any CPU = Release|Any CPU
	EndGlobalSection
	GlobalSection(ProjectConfigurationPlatforms) = postSolution
		{D057C104-77E2-43B7-87AD-D4210BACDA79}.Debug|Any CPU.ActiveCfg = Debug|Any CPU
		{D057C104-77E2-43B7-87AD-D4210BACDA79}.Debug|Any CPU.Build.0 = Debug|Any CPU
		{D057C104-77E2-43B7-87AD-D4210BACDA79}.Release|Any CPU.ActiveCfg = Release|Any CPU
		{D057C104-77E2-43B7-87AD-D4210BACDA79}.Release|Any CPU.Build.0 = Release|Any CPU
	EndGlobalSection
	GlobalSection(SolutionProperties) = preSolution
		HideSolutionNode = FALSE
	EndGlobalSection
	GlobalSection(ExtensibilityGlobals) = postSolution
		SolutionGuid = {27661A87-249F-48A9-AD78-A9B3F4CCA8E3}
	EndGlobalSection
EndGlobal
