
Microsoft Visual Studio Solution File, Format Version 12.00
# Visual Studio Version 17
VisualStudioVersion = 17.1.32210.238
MinimumVisualStudioVersion = 10.0.40219.1
Project("{FAE04EC0-301F-11D3-BF4B-00C04F79EFBC}") = "generics_uc3", "generics_uc3.csproj", "{7F61B866-624E-439E-875E-19FE0F47141A}"
EndProject
Global
	GlobalSection(SolutionConfigurationPlatforms) = preSolution
		Debug|Any CPU = Debug|Any CPU
		Release|Any CPU = Release|Any CPU
	EndGlobalSection
	GlobalSection(ProjectConfigurationPlatforms) = postSolution
		{7F61B866-624E-439E-875E-19FE0F47141A}.Debug|Any CPU.ActiveCfg = Debug|Any CPU
		{7F61B866-624E-439E-875E-19FE0F47141A}.Debug|Any CPU.Build.0 = Debug|Any CPU
		{7F61B866-624E-439E-875E-19FE0F47141A}.Release|Any CPU.ActiveCfg = Release|Any CPU
		{7F61B866-624E-439E-875E-19FE0F47141A}.Release|Any CPU.Build.0 = Release|Any CPU
	EndGlobalSection
	GlobalSection(SolutionProperties) = preSolution
		HideSolutionNode = FALSE
	EndGlobalSection
	GlobalSection(ExtensibilityGlobals) = postSolution
		SolutionGuid = {A5F90A93-1452-4907-9EC8-3349AD9DD5D2}
	EndGlobalSection
EndGlobal
